
Microsoft Visual Studio Solution File, Format Version 12.00
# Visual Studio Version 17
VisualStudioVersion = 17.4.33110.190
MinimumVisualStudioVersion = 10.0.40219.1
Project("{FAE04EC0-301F-11D3-BF4B-00C04F79EFBC}") = "Homework_12", "Homework_12\Homework_12.csproj", "{68E955B2-FDCC-466D-A136-48EA41675298}"
EndProject
Global
	GlobalSection(SolutionConfigurationPlatforms) = preSolution
		Debug|Any CPU = Debug|Any CPU
		Release|Any CPU = Release|Any CPU
	EndGlobalSection
	GlobalSection(ProjectConfigurationPlatforms) = postSolution
		{68E955B2-FDCC-466D-A136-48EA41675298}.Debug|Any CPU.ActiveCfg = Debug|Any CPU
		{68E955B2-FDCC-466D-A136-48EA41675298}.Debug|Any CPU.Build.0 = Debug|Any CPU
		{68E955B2-FDCC-466D-A136-48EA41675298}.Release|Any CPU.ActiveCfg = Release|Any CPU
		{68E955B2-FDCC-466D-A136-48EA41675298}.Release|Any CPU.Build.0 = Release|Any CPU
	EndGlobalSection
	GlobalSection(SolutionProperties) = preSolution
		HideSolutionNode = FALSE
	EndGlobalSection
	GlobalSection(ExtensibilityGlobals) = postSolution
		SolutionGuid = {DB8A9BB6-2F7E-47F8-8DF9-458902D4B7DA}
	EndGlobalSection
EndGlobal
